PODS:
  - TKMRequest (0.1.0):
    - TKMRequest/Core (= 0.1.0)
  - TKMRequest/Core (0.1.0):
    - TKMRequest/SourceMode
  - TKMRequest/SourceMode (0.1.0)

DEPENDENCIES:
  - TKMRequest (from `../`)

EXTERNAL SOURCES:
  TKMRequest:
    :path: "../"

SPEC CHECKSUMS:
  TKMRequest: db7dc1326ccda4cfe2d697990d4d27aaa800e09b

PODFILE CHECKSUM: 28a0f97468ba03156b7706c0ebafb51ae5002738

COCOAPODS: 1.10.1
